Microsoft Visual Studio Solution File, Format Version 12.00
# Visual Studio Version 16
VisualStudioVersion = 16.0.28803.452
MinimumVisualStudioVersion = 10.0.40219.1
Project("{FAE04EC0-301F-11D3-BF4B-00C04F79EFBC}") = "OfficeAutomaticManage", "OfficeAutomaticManage\OfficeAutomaticManage.csproj", "{5EB5B6EC-F2CE-4DE0-B3B7-A40AA4322E43}"
EndProject
Global
	GlobalSection(SolutionConfigurationPlatforms) = preSolution
		Debug|Any CPU = Debug|Any CPU
		Release|Any CPU = Release|Any CPU
	EndGlobalSection
	GlobalSection(ProjectConfigurationPlatforms) = postSolution
		{5EB5B6EC-F2CE-4DE0-B3B7-A40AA4322E43}.Debug|Any CPU.ActiveCfg = Debug|Any CPU
		{5EB5B6EC-F2CE-4DE0-B3B7-A40AA4322E43}.Debug|Any CPU.Build.0 = Debug|Any CPU
		{5EB5B6EC-F2CE-4DE0-B3B7-A40AA4322E43}.Release|Any CPU.ActiveCfg = Release|Any CPU
		{5EB5B6EC-F2CE-4DE0-B3B7-A40AA4322E43}.Release|Any CPU.Build.0 = Release|Any CPU
	EndGlobalSection
	GlobalSection(SolutionProperties) = preSolution
		HideSolutionNode = FALSE
	EndGlobalSection
	GlobalSection(ExtensibilityGlobals) = postSolution
		SolutionGuid = {BC8AC04A-4987-4AC9-B1B1-AC9224CBDFDE}
	EndGlobalSection
EndGlobal
